
Microsoft Visual Studio Solution File, Format Version 12.00
# Visual Studio 15
VisualStudioVersion = 15.0.28307.168
MinimumVisualStudioVersion = 10.0.40219.1
Project("{FAE04EC0-301F-11D3-BF4B-00C04F79EFBC}") = "LevelUp-CSGO-Windows", "LevelUp-CSGO-Windows\LevelUp-CSGO-Windows.csproj", "{A2D8FCF4-6B7C-4B56-8807-4A98F303368C}"
EndProject
Global
	GlobalSection(SolutionConfigurationPlatforms) = preSolution
		Debug|Any CPU = Debug|Any CPU
		Release|Any CPU = Release|Any CPU
	EndGlobalSection
	GlobalSection(ProjectConfigurationPlatforms) = postSolution
		{A2D8FCF4-6B7C-4B56-8807-4A98F303368C}.Debug|Any CPU.ActiveCfg = Debug|Any CPU
		{A2D8FCF4-6B7C-4B56-8807-4A98F303368C}.Debug|Any CPU.Build.0 = Debug|Any CPU
		{A2D8FCF4-6B7C-4B56-8807-4A98F303368C}.Release|Any CPU.ActiveCfg = Release|Any CPU
		{A2D8FCF4-6B7C-4B56-8807-4A98F303368C}.Release|Any CPU.Build.0 = Release|Any CPU
	EndGlobalSection
	GlobalSection(SolutionProperties) = preSolution
		HideSolutionNode = FALSE
	EndGlobalSection
	GlobalSection(ExtensibilityGlobals) = postSolution
		SolutionGuid = {248FA2B9-B087-454A-A2C6-BAB4E2076CBB}
	EndGlobalSection
EndGlobal
