
Microsoft Visual Studio Solution File, Format Version 12.00
# Visual Studio 15
VisualStudioVersion = 15.0.28307.168
MinimumVisualStudioVersion = 10.0.40219.1
Project("{FAE04EC0-301F-11D3-BF4B-00C04F79EFBC}") = "LevelUp-CSGO-Windows", "LevelUp-CSGO-Windows\LevelUp-CSGO-Windows.csproj", "{1771D9A4-A6BD-46FE-B999-11ADC50DE4A8}"
EndProject
Global
	GlobalSection(SolutionConfigurationPlatforms) = preSolution
		Debug|Any CPU = Debug|Any CPU
		Release|Any CPU = Release|Any CPU
	EndGlobalSection
	GlobalSection(ProjectConfigurationPlatforms) = postSolution
		{1771D9A4-A6BD-46FE-B999-11ADC50DE4A8}.Debug|Any CPU.ActiveCfg = Debug|Any CPU
		{1771D9A4-A6BD-46FE-B999-11ADC50DE4A8}.Debug|Any CPU.Build.0 = Debug|Any CPU
		{1771D9A4-A6BD-46FE-B999-11ADC50DE4A8}.Release|Any CPU.ActiveCfg = Release|Any CPU
		{1771D9A4-A6BD-46FE-B999-11ADC50DE4A8}.Release|Any CPU.Build.0 = Release|Any CPU
	EndGlobalSection
	GlobalSection(SolutionProperties) = preSolution
		HideSolutionNode = FALSE
	EndGlobalSection
	GlobalSection(ExtensibilityGlobals) = postSolution
		SolutionGuid = {DFA55A56-CE53-4BCE-81FA-C06DD47E99AD}
	EndGlobalSection
EndGlobal
